Microsoft Visual Studio Solution File, Format Version 11.00
# Visual Studio 2010
Project("{F184B08F-C81C-45F6-A57F-5ABD9991F28F}") = "ContamFactorial", "ContamFactorial.vbproj", "{0498C511-C6E3-4EC3-90E4-2D777362EE48}"
EndProject
Project("{54435603-DBB4-11D2-8724-00A0C9A8B90C}") = "ContamFactorial Setup", "ContamFactorial Setup\ContamFactorial Setup.vdproj", "{63050DF9-A9BF-4965-AA83-83D87D062BF8}"
EndProject
Global
	GlobalSection(SolutionConfigurationPlatforms) = preSolution
		Debug|Any CPU = Debug|Any CPU
		Release|Any CPU = Release|Any CPU
	EndGlobalSection
	GlobalSection(ProjectConfigurationPlatforms) = postSolution
		{0498C511-C6E3-4EC3-90E4-2D777362EE48}.Debug|Any CPU.ActiveCfg = Debug|Any CPU
		{0498C511-C6E3-4EC3-90E4-2D777362EE48}.Debug|Any CPU.Build.0 = Debug|Any CPU
		{0498C511-C6E3-4EC3-90E4-2D777362EE48}.Release|Any CPU.ActiveCfg = Release|Any CPU
		{0498C511-C6E3-4EC3-90E4-2D777362EE48}.Release|Any CPU.Build.0 = Release|Any CPU
		{63050DF9-A9BF-4965-AA83-83D87D062BF8}.Debug|Any CPU.ActiveCfg = Debug
		{63050DF9-A9BF-4965-AA83-83D87D062BF8}.Release|Any CPU.ActiveCfg = Release
	EndGlobalSection
	GlobalSection(SolutionProperties) = preSolution
		HideSolutionNode = FALSE
	EndGlobalSection
EndGlobal
